dependencies:
- name: grafana-agent
  repository: https://grafana.github.io/helm-charts
  version: 0.44.2
- name: alloy
  repository: https://grafana.github.io/helm-charts
  version: 1.6.1
- name: minio
  repository: https://charts.min.io/
  version: 4.1.0
digest: sha256:688e402cf6bc3d093cdc0812d5146799cf52dad07800dcc3e24553824b88445e
generated: "2026-03-09T02:05:03.2256012Z"
